
Microsoft Visual Studio Solution File, Format Version 12.00
# Visual Studio Version 17
VisualStudioVersion = 17.3.32825.248
MinimumVisualStudioVersion = 10.0.40219.1
Project("{FAE04EC0-301F-11D3-BF4B-00C04F79EFBC}") = "WebZazalogic", "WebZazalogic\WebZazalogic.csproj", "{0D4EBC0E-DE31-44C8-8577-0F92B79D5634}"
EndProject
Global
	GlobalSection(SolutionConfigurationPlatforms) = preSolution
		Debug|Any CPU = Debug|Any CPU
		Release|Any CPU = Release|Any CPU
	EndGlobalSection
	GlobalSection(ProjectConfigurationPlatforms) = postSolution
		{0D4EBC0E-DE31-44C8-8577-0F92B79D5634}.Debug|Any CPU.ActiveCfg = Debug|Any CPU
		{0D4EBC0E-DE31-44C8-8577-0F92B79D5634}.Debug|Any CPU.Build.0 = Debug|Any CPU
		{0D4EBC0E-DE31-44C8-8577-0F92B79D5634}.Release|Any CPU.ActiveCfg = Release|Any CPU
		{0D4EBC0E-DE31-44C8-8577-0F92B79D5634}.Release|Any CPU.Build.0 = Release|Any CPU
	EndGlobalSection
	GlobalSection(SolutionProperties) = preSolution
		HideSolutionNode = FALSE
	EndGlobalSection
	GlobalSection(ExtensibilityGlobals) = postSolution
		SolutionGuid = {644E59A8-954B-4634-9F2B-7AE85A102E0E}
	EndGlobalSection
EndGlobal
